{
  "name": "@mmpg-soft/v-bump",
  "version": "1.0.1",
  "lockfileVersion": 3,
  "requires": true,
  "packages": {
    "": {
      "name": "@mmpg-soft/v-bump",
      "version": "1.0.1",
      "license": "ISC",
      "dependencies": {
        "@mmpg-soft/v-bump": "0.0.2"
      },
      "bin": {
        "vbump": "bin/index.sh"
      }
    },
    "node_modules/@mmpg-soft/v-bump": {
      "version": "0.0.2",
      "resolved": "https://registry.npmjs.org/@mmpg-soft/v-bump/-/v-bump-0.0.2.tgz",
      "integrity": "sha512-yk/9J87aStJguYvGRd/Z+K0VW4MAHQnILgynAji5b7Khbu9I3+B3i4hLKeuv5q29INfQ9BMTy7ZEczsKSgCkfw==",
      "dependencies": {
        "@mmpg-soft/v-bump": "^0.0.1"
      },
      "bin": {
        "v-bump": "bin/index.sh"
      }
    },
    "node_modules/@mmpg-soft/v-bump/node_modules/@mmpg-soft/v-bump": {
      "version": "0.0.1",
      "resolved": "https://registry.npmjs.org/@mmpg-soft/v-bump/-/v-bump-0.0.1.tgz",
      "integrity": "sha512-S7hu9/KKd2dkQGeBzP+zUgH4QV1qXnBJctddWvfYi0atXsr417draH/QNFlfYTL4sSa0xbETlUkpgJ6msnjbVg==",
      "bin": {
        "bumpme": "bin/index.sh"
      }
    }
  }
}
